
Microsoft Visual Studio Solution File, Format Version 12.00
Project("{FAE04EC0-301F-11D3-BF4B-00C04F79EFBC}") = "SingUpTest", "SingUpTest\SingUpTest.csproj", "{3A5E2247-7610-42F8-A080-973D16AD9478}"
EndProject
Global
	GlobalSection(SolutionConfigurationPlatforms) = preSolution
		Debug|Any CPU = Debug|Any CPU
		Release|Any CPU = Release|Any CPU
	EndGlobalSection
	GlobalSection(ProjectConfigurationPlatforms) = postSolution
		{3A5E2247-7610-42F8-A080-973D16AD9478}.Debug|Any CPU.ActiveCfg = Debug|Any CPU
		{3A5E2247-7610-42F8-A080-973D16AD9478}.Debug|Any CPU.Build.0 = Debug|Any CPU
		{3A5E2247-7610-42F8-A080-973D16AD9478}.Release|Any CPU.ActiveCfg = Release|Any CPU
		{3A5E2247-7610-42F8-A080-973D16AD9478}.Release|Any CPU.Build.0 = Release|Any CPU
	EndGlobalSection
EndGlobal
