
Microsoft Visual Studio Solution File, Format Version 12.00
Project("{FAE04EC0-301F-11D3-BF4B-00C04F79EFBC}") = "GRPCTest", "GRPCTest\GRPCTest.csproj", "{D7E31BB4-0241-4425-9334-A3A5E559FE99}"
EndProject
Project("{FAE04EC0-301F-11D3-BF4B-00C04F79EFBC}") = "Models", "Models\Models.csproj", "{922C6E00-CD1E-4984-9C95-105D6B604EF8}"
EndProject
Project("{FAE04EC0-301F-11D3-BF4B-00C04F79EFBC}") = "GrpcService2", "GrpcService2\GrpcService2.csproj", "{54FA71C7-A0B3-415A-BF05-24C0940EF567}"
EndProject
Global
	GlobalSection(SolutionConfigurationPlatforms) = preSolution
		Debug|Any CPU = Debug|Any CPU
		Release|Any CPU = Release|Any CPU
	EndGlobalSection
	GlobalSection(ProjectConfigurationPlatforms) = postSolution
		{D7E31BB4-0241-4425-9334-A3A5E559FE99}.Debug|Any CPU.ActiveCfg = Debug|Any CPU
		{D7E31BB4-0241-4425-9334-A3A5E559FE99}.Debug|Any CPU.Build.0 = Debug|Any CPU
		{D7E31BB4-0241-4425-9334-A3A5E559FE99}.Release|Any CPU.ActiveCfg = Release|Any CPU
		{D7E31BB4-0241-4425-9334-A3A5E559FE99}.Release|Any CPU.Build.0 = Release|Any CPU
		{922C6E00-CD1E-4984-9C95-105D6B604EF8}.Debug|Any CPU.ActiveCfg = Debug|Any CPU
		{922C6E00-CD1E-4984-9C95-105D6B604EF8}.Debug|Any CPU.Build.0 = Debug|Any CPU
		{922C6E00-CD1E-4984-9C95-105D6B604EF8}.Release|Any CPU.ActiveCfg = Release|Any CPU
		{922C6E00-CD1E-4984-9C95-105D6B604EF8}.Release|Any CPU.Build.0 = Release|Any CPU
		{54FA71C7-A0B3-415A-BF05-24C0940EF567}.Debug|Any CPU.ActiveCfg = Debug|Any CPU
		{54FA71C7-A0B3-415A-BF05-24C0940EF567}.Debug|Any CPU.Build.0 = Debug|Any CPU
		{54FA71C7-A0B3-415A-BF05-24C0940EF567}.Release|Any CPU.ActiveCfg = Release|Any CPU
		{54FA71C7-A0B3-415A-BF05-24C0940EF567}.Release|Any CPU.Build.0 = Release|Any CPU
	EndGlobalSection
EndGlobal
