
Microsoft Visual Studio Solution File, Format Version 12.00
Project("{FAE04EC0-301F-11D3-BF4B-00C04F79EFBC}") = "WebAPI", "WebAPI\WebAPI.csproj", "{98CE2E4C-9151-488A-9235-FE02D6FA0B34}"
EndProject
Project("{FAE04EC0-301F-11D3-BF4B-00C04F79EFBC}") = "Domains", "Domains\Domains.csproj", "{CF3D6796-AB38-4EFD-9AA4-88B2CB221E33}"
EndProject
Project("{FAE04EC0-301F-11D3-BF4B-00C04F79EFBC}") = "BlazorServerApp", "BlazorServerApp\BlazorServerApp.csproj", "{EF6A033B-38E8-4F70-B203-1F8094FEDFE7}"
EndProject
Global
	GlobalSection(SolutionConfigurationPlatforms) = preSolution
		Debug|Any CPU = Debug|Any CPU
		Release|Any CPU = Release|Any CPU
	EndGlobalSection
	GlobalSection(ProjectConfigurationPlatforms) = postSolution
		{98CE2E4C-9151-488A-9235-FE02D6FA0B34}.Debug|Any CPU.ActiveCfg = Debug|Any CPU
		{98CE2E4C-9151-488A-9235-FE02D6FA0B34}.Debug|Any CPU.Build.0 = Debug|Any CPU
		{98CE2E4C-9151-488A-9235-FE02D6FA0B34}.Release|Any CPU.ActiveCfg = Release|Any CPU
		{98CE2E4C-9151-488A-9235-FE02D6FA0B34}.Release|Any CPU.Build.0 = Release|Any CPU
		{CF3D6796-AB38-4EFD-9AA4-88B2CB221E33}.Debug|Any CPU.ActiveCfg = Debug|Any CPU
		{CF3D6796-AB38-4EFD-9AA4-88B2CB221E33}.Debug|Any CPU.Build.0 = Debug|Any CPU
		{CF3D6796-AB38-4EFD-9AA4-88B2CB221E33}.Release|Any CPU.ActiveCfg = Release|Any CPU
		{CF3D6796-AB38-4EFD-9AA4-88B2CB221E33}.Release|Any CPU.Build.0 = Release|Any CPU
		{EF6A033B-38E8-4F70-B203-1F8094FEDFE7}.Debug|Any CPU.ActiveCfg = Debug|Any CPU
		{EF6A033B-38E8-4F70-B203-1F8094FEDFE7}.Debug|Any CPU.Build.0 = Debug|Any CPU
		{EF6A033B-38E8-4F70-B203-1F8094FEDFE7}.Release|Any CPU.ActiveCfg = Release|Any CPU
		{EF6A033B-38E8-4F70-B203-1F8094FEDFE7}.Release|Any CPU.Build.0 = Release|Any CPU
	EndGlobalSection
EndGlobal
